// !$*UTF8*$!
{
	archiveVersion = 1;
	classes = {
	};
	objectVersion = 56;
	objects = {

/* Begin PBXBuildFile section */
		1B21C9ED2AA0AB8A0036158F /* .swiftformat in Resources */ = {isa = PBXBuildFile; fileRef = 1B21C9EC2AA0AB8A0036158F /* .swiftformat */; };
		1B3955402A95069C00BCB4DF /* WhistleApp.swift in Sources */ = {isa = PBXBuildFile; fileRef = 1B39553F2A95069C00BCB4DF /* WhistleApp.swift */; };
		1B3955422A95069C00BCB4DF /* ContentView.swift in Sources */ = {isa = PBXBuildFile; fileRef = 1B3955412A95069C00BCB4DF /* ContentView.swift */; };
		1B3955442A95069D00BCB4DF /* Assets.xcassets in Resources */ = {isa = PBXBuildFile; fileRef = 1B3955432A95069D00BCB4DF /* Assets.xcassets */; };
		1B3955472A95069D00BCB4DF /* Preview Assets.xcassets in Resources */ = {isa = PBXBuildFile; fileRef = 1B3955462A95069D00BCB4DF /* Preview Assets.xcassets */; };
		1B3955532A9507E300BCB4DF /* Extension+UIScreen.swift in Sources */ = {isa = PBXBuildFile; fileRef = 1B3955522A9507E300BCB4DF /* Extension+UIScreen.swift */; };
		1B3955572A95092A00BCB4DF /* VideoViewModel.swift in Sources */ = {isa = PBXBuildFile; fileRef = 1B3955562A95092A00BCB4DF /* VideoViewModel.swift */; };
		1B39555B2A95095500BCB4DF /* ColorManager.swift in Sources */ = {isa = PBXBuildFile; fileRef = 1B39555A2A95095500BCB4DF /* ColorManager.swift */; };
		1B39555D2A95098100BCB4DF /* VideoModel.swift in Sources */ = {isa = PBXBuildFile; fileRef = 1B39555C2A95098100BCB4DF /* VideoModel.swift */; };
		1B39555F2A9509A700BCB4DF /* SubmitButton.swift in Sources */ = {isa = PBXBuildFile; fileRef = 1B39555E2A9509A700BCB4DF /* SubmitButton.swift */; };
		1BB7A06A2A9514B4002DD86F /* .swiftlint.yml in Resources */ = {isa = PBXBuildFile; fileRef = 1BB7A0692A9514B4002DD86F /* .swiftlint.yml */; };
		7801398A2AA127AE00D5FBDB /* SignInView.swift in Sources */ = {isa = PBXBuildFile; fileRef = 780139892AA127AE00D5FBDB /* SignInView.swift */; };
		782DD4732AA30BDD006183D3 /* FollowView.swift in Sources */ = {isa = PBXBuildFile; fileRef = 782DD4722AA30BDD006183D3 /* FollowView.swift */; };
		782DD4752AA30C22006183D3 /* FollowButtonStyle.swift in Sources */ = {isa = PBXBuildFile; fileRef = 782DD4742AA30C22006183D3 /* FollowButtonStyle.swift */; };
		782DD4772AA30C5C006183D3 /* FollowTabbarStyle.swift in Sources */ = {isa = PBXBuildFile; fileRef = 782DD4762AA30C5C006183D3 /* FollowTabbarStyle.swift */; };
		782DD47A2AA31F3C006183D3 /* ProfileEditButtonStyle.swift in Sources */ = {isa = PBXBuildFile; fileRef = 782DD4792AA31F3C006183D3 /* ProfileEditButtonStyle.swift */; };
		782DD47C2AA32448006183D3 /* Extension+UINavigationController.swift in Sources */ = {isa = PBXBuildFile; fileRef = 782DD47B2AA32448006183D3 /* Extension+UINavigationController.swift */; };
		782F1B252AA1C566006831C8 /* ProfileTabItem.swift in Sources */ = {isa = PBXBuildFile; fileRef = 782F1B242AA1C566006831C8 /* ProfileTabItem.swift */; };
		786385742AA45ED4004F8EF4 /* ProfileEditIntroduceView.swift in Sources */ = {isa = PBXBuildFile; fileRef = 786385732AA45ED4004F8EF4 /* ProfileEditIntroduceView.swift */; };
		786669472AA1282D00448EC7 /* AppleSignInViewModel.swift in Sources */ = {isa = PBXBuildFile; fileRef = 786669462AA1282D00448EC7 /* AppleSignInViewModel.swift */; };
		786669492AA1284F00448EC7 /* UserAuth.swift in Sources */ = {isa = PBXBuildFile; fileRef = 786669482AA1284F00448EC7 /* UserAuth.swift */; };
		7866694B2AA1287500448EC7 /* UserResponse.swift in Sources */ = {isa = PBXBuildFile; fileRef = 7866694A2AA1287500448EC7 /* UserResponse.swift */; };
		7866694E2AA1289900448EC7 /* Alamofire in Frameworks */ = {isa = PBXBuildFile; productRef = 7866694D2AA1289900448EC7 /* Alamofire */; };
		786669552AA12F7F00448EC7 /* KeychainSwift in Frameworks */ = {isa = PBXBuildFile; productRef = 786669542AA12F7F00448EC7 /* KeychainSwift */; };
		787173B42AA472070018CB14 /* ProfileToastMessage.swift in Sources */ = {isa = PBXBuildFile; fileRef = 787173B32AA472070018CB14 /* ProfileToastMessage.swift */; };
		787173B62AA47A510018CB14 /* ProfileAlert.swift in Sources */ = {isa = PBXBuildFile; fileRef = 787173B52AA47A510018CB14 /* ProfileAlert.swift */; };
		7874CB882AA0842D0081DE54 /* FontSystem.swift in Sources */ = {isa = PBXBuildFile; fileRef = 7874CB872AA0842D0081DE54 /* FontSystem.swift */; };
		7874CB902AA0B5350081DE54 /* ProfileNotiView.swift in Sources */ = {isa = PBXBuildFile; fileRef = 7874CB8F2AA0B5350081DE54 /* ProfileNotiView.swift */; };
		7874CB922AA0B53A0081DE54 /* ProfileInfoView.swift in Sources */ = {isa = PBXBuildFile; fileRef = 7874CB912AA0B53A0081DE54 /* ProfileInfoView.swift */; };
		7874CB942AA0B5430081DE54 /* ProfileReportView.swift in Sources */ = {isa = PBXBuildFile; fileRef = 7874CB932AA0B5430081DE54 /* ProfileReportView.swift */; };
		787AF5602AA85CBC00C190E6 /* Profile.swift in Sources */ = {isa = PBXBuildFile; fileRef = 787AF55F2AA85CBC00C190E6 /* Profile.swift */; };
		787AF5622AA85D0300C190E6 /* UserViewModel.swift in Sources */ = {isa = PBXBuildFile; fileRef = 787AF5612AA85D0300C190E6 /* UserViewModel.swift */; };
		787AF5652AA85D2C00C190E6 /* SwiftyJSON in Frameworks */ = {isa = PBXBuildFile; productRef = 787AF5642AA85D2C00C190E6 /* SwiftyJSON */; };
		787AF5672AA87D2E00C190E6 /* UserProfile.swift in Sources */ = {isa = PBXBuildFile; fileRef = 787AF5662AA87D2E00C190E6 /* UserProfile.swift */; };
		787AF56B2AA87EDB00C190E6 /* APITestView.swift in Sources */ = {isa = PBXBuildFile; fileRef = 787AF56A2AA87EDB00C190E6 /* APITestView.swift */; };
		787AF56D2AA8846100C190E6 /* Follow.swift in Sources */ = {isa = PBXBuildFile; fileRef = 787AF56C2AA8846100C190E6 /* Follow.swift */; };
		787AF56F2AA884B700C190E6 /* User.swift in Sources */ = {isa = PBXBuildFile; fileRef = 787AF56E2AA884B700C190E6 /* User.swift */; };
		787AF5712AA887E600C190E6 /* PostFeed.swift in Sources */ = {isa = PBXBuildFile; fileRef = 787AF5702AA887E600C190E6 /* PostFeed.swift */; };
		787AF5732AA888FC00C190E6 /* UserPostFeed.swift in Sources */ = {isa = PBXBuildFile; fileRef = 787AF5722AA888FC00C190E6 /* UserPostFeed.swift */; };
		787AF5752AA88F4000C190E6 /* BookMark.swift in Sources */ = {isa = PBXBuildFile; fileRef = 787AF5742AA88F4000C190E6 /* BookMark.swift */; };
		787AF5792AA8930700C190E6 /* NotiSetting.swift in Sources */ = {isa = PBXBuildFile; fileRef = 787AF5782AA8930700C190E6 /* NotiSetting.swift */; };
		788F43F02AA5CD9F00718D38 /* MainView.swift in Sources */ = {isa = PBXBuildFile; fileRef = 788F43EF2AA5CD9F00718D38 /* MainView.swift */; };
		788F43F52AA5E95E00718D38 /* PlayerView.swift in Sources */ = {isa = PBXBuildFile; fileRef = 788F43F42AA5E95E00718D38 /* PlayerView.swift */; };
		788F43F72AA6136F00718D38 /* Player.swift in Sources */ = {isa = PBXBuildFile; fileRef = 788F43F62AA6136F00718D38 /* Player.swift */; };
		788F43F92AA615AF00718D38 /* PlayerPageView.swift in Sources */ = {isa = PBXBuildFile; fileRef = 788F43F82AA615AF00718D38 /* PlayerPageView.swift */; };
		78B6FD2C2AA718A80043E461 /* CustomAlbumListView.swift in Sources */ = {isa = PBXBuildFile; fileRef = 78B6FD2B2AA718A80043E461 /* CustomAlbumListView.swift */; };
		78B6FD2E2AA719190043E461 /* AlbumModel.swift in Sources */ = {isa = PBXBuildFile; fileRef = 78B6FD2D2AA719190043E461 /* AlbumModel.swift */; };
		78D148D62A9E0A3600DDCE48 /* SF-Pro.ttf in Resources */ = {isa = PBXBuildFile; fileRef = 78D148D22A9E0A3600DDCE48 /* SF-Pro.ttf */; };
		78D148D72A9E0A3600DDCE48 /* SF-Pro-Text-Regular.otf in Resources */ = {isa = PBXBuildFile; fileRef = 78D148D32A9E0A3600DDCE48 /* SF-Pro-Text-Regular.otf */; };
		78D148D82A9E0A3600DDCE48 /* SF-Pro-Display-Semibold.otf in Resources */ = {isa = PBXBuildFile; fileRef = 78D148D42A9E0A3600DDCE48 /* SF-Pro-Display-Semibold.otf */; };
		78D148D92A9E0A3600DDCE48 /* SF-Pro-Text-Semibold.otf in Resources */ = {isa = PBXBuildFile; fileRef = 78D148D52A9E0A3600DDCE48 /* SF-Pro-Text-Semibold.otf */; };
		78D148DB2A9E0A5E00DDCE48 /* Extension+Font.swift in Sources */ = {isa = PBXBuildFile; fileRef = 78D148DA2A9E0A5E00DDCE48 /* Extension+Font.swift */; };
		78D148DD2A9E0CBA00DDCE48 /* Extension+View.swift in Sources */ = {isa = PBXBuildFile; fileRef = 78D148DC2A9E0CBA00DDCE48 /* Extension+View.swift */; };
		78D148E02A9E0D1B00DDCE48 /* AppleSDGothic.swift in Sources */ = {isa = PBXBuildFile; fileRef = 78D148DF2A9E0D1B00DDCE48 /* AppleSDGothic.swift */; };
		78D148E32A9E134700DDCE48 /* Extension+NSObject.swift in Sources */ = {isa = PBXBuildFile; fileRef = 78D148E22A9E134700DDCE48 /* Extension+NSObject.swift */; };
		78D148E52A9E135F00DDCE48 /* Extension+UIView.swift in Sources */ = {isa = PBXBuildFile; fileRef = 78D148E42A9E135F00DDCE48 /* Extension+UIView.swift */; };
		78D148E72A9E137100DDCE48 /* Extension+UIVisualEffectView.swift in Sources */ = {isa = PBXBuildFile; fileRef = 78D148E62A9E137100DDCE48 /* Extension+UIVisualEffectView.swift */; };
		78D148E92A9E13A800DDCE48 /* CustomBlurView.swift in Sources */ = {isa = PBXBuildFile; fileRef = 78D148E82A9E13A800DDCE48 /* CustomBlurView.swift */; };
		78D148EB2A9E13CC00DDCE48 /* ProfileView.swift in Sources */ = {isa = PBXBuildFile; fileRef = 78D148EA2A9E13CC00DDCE48 /* ProfileView.swift */; };
		78DA58D52AA445E400F8D2F1 /* ProfileEditView.swift in Sources */ = {isa = PBXBuildFile; fileRef = 78DA58D42AA445E400F8D2F1 /* ProfileEditView.swift */; };
		78DA58D72AA448A100F8D2F1 /* ProfileEditIDView.swift in Sources */ = {isa = PBXBuildFile; fileRef = 78DA58D62AA448A100F8D2F1 /* ProfileEditIDView.swift */; };
		78DDADFA2AA1A37F00960552 /* AppKeys.swift in Sources */ = {isa = PBXBuildFile; fileRef = 78DDADF92AA1A37F00960552 /* AppKeys.swift */; };
		78F41A5D2AA70626004A7BFC /* PhotoModel.swift in Sources */ = {isa = PBXBuildFile; fileRef = 78F41A5C2AA70626004A7BFC /* PhotoModel.swift */; };
		78F41A5F2AA70639004A7BFC /* PhotoViewModel.swift in Sources */ = {isa = PBXBuildFile; fileRef = 78F41A5E2AA70639004A7BFC /* PhotoViewModel.swift */; };
		78F41A612AA707D2004A7BFC /* CustomPhotoView.swift in Sources */ = {isa = PBXBuildFile; fileRef = 78F41A602AA707D2004A7BFC /* CustomPhotoView.swift */; };
		78F980812A9F32C800AD542A /* TabbarView.swift in Sources */ = {isa = PBXBuildFile; fileRef = 78F980802A9F32C800AD542A /* TabbarView.swift */; };
		78F980872A9F5AAC00AD542A /* GlassBottomSheet.swift in Sources */ = {isa = PBXBuildFile; fileRef = 78F980862A9F5AAC00AD542A /* GlassBottomSheet.swift */; };
		78F980892A9F5B2500AD542A /* RoundedCorners.swift in Sources */ = {isa = PBXBuildFile; fileRef = 78F980882A9F5B2500AD542A /* RoundedCorners.swift */; };
/* End PBXBuildFile section */

/* Begin PBXFileReference section */
		1B21C9E82AA034500036158F /* Whistle.entitlements */ = {isa = PBXFileReference; lastKnownFileType = text.plist.entitlements; path = Whistle.entitlements; sourceTree = "<group>"; };
		1B21C9EC2AA0AB8A0036158F /* .swiftformat */ = {isa = PBXFileReference; lastKnownFileType = text; path = .swiftformat; sourceTree = "<group>"; };
		1B39553C2A95069C00BCB4DF /* Whistle.app */ = {isa = PBXFileReference; explicitFileType = wrapper.application; includeInIndex = 0; path = Whistle.app; sourceTree = BUILT_PRODUCTS_DIR; };
		1B39553F2A95069C00BCB4DF /* WhistleApp.swift */ = {isa = PBXFileReference; lastKnownFileType = sourcecode.swift; path = WhistleApp.swift; sourceTree = "<group>"; };
		1B3955412A95069C00BCB4DF /* ContentView.swift */ = {isa = PBXFileReference; lastKnownFileType = sourcecode.swift; path = ContentView.swift; sourceTree = "<group>"; };
		1B3955432A95069D00BCB4DF /* Assets.xcassets */ = {isa = PBXFileReference; lastKnownFileType = folder.assetcatalog; path = Assets.xcassets; sourceTree = "<group>"; };
		1B3955462A95069D00BCB4DF /* Preview Assets.xcassets */ = {isa = PBXFileReference; lastKnownFileType = folder.assetcatalog; path = "Preview Assets.xcassets"; sourceTree = "<group>"; };
		1B3955522A9507E300BCB4DF /* Extension+UIScreen.swift */ = {isa = PBXFileReference; lastKnownFileType = sourcecode.swift; path = "Extension+UIScreen.swift"; sourceTree = "<group>"; };
		1B3955562A95092A00BCB4DF /* VideoViewModel.swift */ = {isa = PBXFileReference; lastKnownFileType = sourcecode.swift; path = VideoViewModel.swift; sourceTree = "<group>"; };
		1B39555A2A95095500BCB4DF /* ColorManager.swift */ = {isa = PBXFileReference; lastKnownFileType = sourcecode.swift; path = ColorManager.swift; sourceTree = "<group>"; };
		1B39555C2A95098100BCB4DF /* VideoModel.swift */ = {isa = PBXFileReference; lastKnownFileType = sourcecode.swift; path = VideoModel.swift; sourceTree = "<group>"; };
		1B39555E2A9509A700BCB4DF /* SubmitButton.swift */ = {isa = PBXFileReference; lastKnownFileType = sourcecode.swift; path = SubmitButton.swift; sourceTree = "<group>"; };
		1BB7A0692A9514B4002DD86F /* .swiftlint.yml */ = {isa = PBXFileReference; lastKnownFileType = text.yaml; path = .swiftlint.yml; sourceTree = "<group>"; };
		780139892AA127AE00D5FBDB /* SignInView.swift */ = {isa = PBXFileReference; lastKnownFileType = sourcecode.swift; path = SignInView.swift; sourceTree = "<group>"; };
		782DD4722AA30BDD006183D3 /* FollowView.swift */ = {isa = PBXFileReference; lastKnownFileType = sourcecode.swift; path = FollowView.swift; sourceTree = "<group>"; };
		782DD4742AA30C22006183D3 /* FollowButtonStyle.swift */ = {isa = PBXFileReference; lastKnownFileType = sourcecode.swift; path = FollowButtonStyle.swift; sourceTree = "<group>"; };
		782DD4762AA30C5C006183D3 /* FollowTabbarStyle.swift */ = {isa = PBXFileReference; lastKnownFileType = sourcecode.swift; path = FollowTabbarStyle.swift; sourceTree = "<group>"; };
		782DD4792AA31F3C006183D3 /* ProfileEditButtonStyle.swift */ = {isa = PBXFileReference; lastKnownFileType = sourcecode.swift; path = ProfileEditButtonStyle.swift; sourceTree = "<group>"; };
		782DD47B2AA32448006183D3 /* Extension+UINavigationController.swift */ = {isa = PBXFileReference; lastKnownFileType = sourcecode.swift; path = "Extension+UINavigationController.swift"; sourceTree = "<group>"; };
		782F1B242AA1C566006831C8 /* ProfileTabItem.swift */ = {isa = PBXFileReference; lastKnownFileType = sourcecode.swift; path = ProfileTabItem.swift; sourceTree = "<group>"; };
		786385732AA45ED4004F8EF4 /* ProfileEditIntroduceView.swift */ = {isa = PBXFileReference; lastKnownFileType = sourcecode.swift; path = ProfileEditIntroduceView.swift; sourceTree = "<group>"; };
		786669462AA1282D00448EC7 /* AppleSignInViewModel.swift */ = {isa = PBXFileReference; lastKnownFileType = sourcecode.swift; path = AppleSignInViewModel.swift; sourceTree = "<group>"; };
		786669482AA1284F00448EC7 /* UserAuth.swift */ = {isa = PBXFileReference; lastKnownFileType = sourcecode.swift; path = UserAuth.swift; sourceTree = "<group>"; };
		7866694A2AA1287500448EC7 /* UserResponse.swift */ = {isa = PBXFileReference; lastKnownFileType = sourcecode.swift; path = UserResponse.swift; sourceTree = "<group>"; };
		787173B32AA472070018CB14 /* ProfileToastMessage.swift */ = {isa = PBXFileReference; lastKnownFileType = sourcecode.swift; path = ProfileToastMessage.swift; sourceTree = "<group>"; };
		787173B52AA47A510018CB14 /* ProfileAlert.swift */ = {isa = PBXFileReference; lastKnownFileType = sourcecode.swift; path = ProfileAlert.swift; sourceTree = "<group>"; };
		7874CB872AA0842D0081DE54 /* FontSystem.swift */ = {isa = PBXFileReference; lastKnownFileType = sourcecode.swift; path = FontSystem.swift; sourceTree = "<group>"; };
		7874CB8F2AA0B5350081DE54 /* ProfileNotiView.swift */ = {isa = PBXFileReference; lastKnownFileType = sourcecode.swift; path = ProfileNotiView.swift; sourceTree = "<group>"; };
		7874CB912AA0B53A0081DE54 /* ProfileInfoView.swift */ = {isa = PBXFileReference; lastKnownFileType = sourcecode.swift; path = ProfileInfoView.swift; sourceTree = "<group>"; };
		7874CB932AA0B5430081DE54 /* ProfileReportView.swift */ = {isa = PBXFileReference; lastKnownFileType = sourcecode.swift; path = ProfileReportView.swift; sourceTree = "<group>"; };
		787AF55F2AA85CBC00C190E6 /* Profile.swift */ = {isa = PBXFileReference; lastKnownFileType = sourcecode.swift; path = Profile.swift; sourceTree = "<group>"; };
		787AF5612AA85D0300C190E6 /* UserViewModel.swift */ = {isa = PBXFileReference; lastKnownFileType = sourcecode.swift; path = UserViewModel.swift; sourceTree = "<group>"; };
		787AF5662AA87D2E00C190E6 /* UserProfile.swift */ = {isa = PBXFileReference; lastKnownFileType = sourcecode.swift; path = UserProfile.swift; sourceTree = "<group>"; };
		787AF56A2AA87EDB00C190E6 /* APITestView.swift */ = {isa = PBXFileReference; lastKnownFileType = sourcecode.swift; path = APITestView.swift; sourceTree = "<group>"; };
		787AF56C2AA8846100C190E6 /* Follow.swift */ = {isa = PBXFileReference; lastKnownFileType = sourcecode.swift; path = Follow.swift; sourceTree = "<group>"; };
		787AF56E2AA884B700C190E6 /* User.swift */ = {isa = PBXFileReference; lastKnownFileType = sourcecode.swift; path = User.swift; sourceTree = "<group>"; };
		787AF5702AA887E600C190E6 /* PostFeed.swift */ = {isa = PBXFileReference; lastKnownFileType = sourcecode.swift; path = PostFeed.swift; sourceTree = "<group>"; };
		787AF5722AA888FC00C190E6 /* UserPostFeed.swift */ = {isa = PBXFileReference; lastKnownFileType = sourcecode.swift; path = UserPostFeed.swift; sourceTree = "<group>"; };
		787AF5742AA88F4000C190E6 /* BookMark.swift */ = {isa = PBXFileReference; lastKnownFileType = sourcecode.swift; path = BookMark.swift; sourceTree = "<group>"; };
		787AF5782AA8930700C190E6 /* NotiSetting.swift */ = {isa = PBXFileReference; lastKnownFileType = sourcecode.swift; path = NotiSetting.swift; sourceTree = "<group>"; };
		788F43EF2AA5CD9F00718D38 /* MainView.swift */ = {isa = PBXFileReference; lastKnownFileType = sourcecode.swift; path = MainView.swift; sourceTree = "<group>"; };
		788F43F42AA5E95E00718D38 /* PlayerView.swift */ = {isa = PBXFileReference; lastKnownFileType = sourcecode.swift; path = PlayerView.swift; sourceTree = "<group>"; };
		788F43F62AA6136F00718D38 /* Player.swift */ = {isa = PBXFileReference; lastKnownFileType = sourcecode.swift; path = Player.swift; sourceTree = "<group>"; };
		788F43F82AA615AF00718D38 /* PlayerPageView.swift */ = {isa = PBXFileReference; lastKnownFileType = sourcecode.swift; path = PlayerPageView.swift; sourceTree = "<group>"; };
		78B6FD2B2AA718A80043E461 /* CustomAlbumListView.swift */ = {isa = PBXFileReference; lastKnownFileType = sourcecode.swift; path = CustomAlbumListView.swift; sourceTree = "<group>"; };
		78B6FD2D2AA719190043E461 /* AlbumModel.swift */ = {isa = PBXFileReference; lastKnownFileType = sourcecode.swift; path = AlbumModel.swift; sourceTree = "<group>"; };
		78D148D22A9E0A3600DDCE48 /* SF-Pro.ttf */ = {isa = PBXFileReference; lastKnownFileType = file; path = "SF-Pro.ttf"; sourceTree = "<group>"; };
		78D148D32A9E0A3600DDCE48 /* SF-Pro-Text-Regular.otf */ = {isa = PBXFileReference; lastKnownFileType = file; path = "SF-Pro-Text-Regular.otf"; sourceTree = "<group>"; };
		78D148D42A9E0A3600DDCE48 /* SF-Pro-Display-Semibold.otf */ = {isa = PBXFileReference; lastKnownFileType = file; path = "SF-Pro-Display-Semibold.otf"; sourceTree = "<group>"; };
		78D148D52A9E0A3600DDCE48 /* SF-Pro-Text-Semibold.otf */ = {isa = PBXFileReference; lastKnownFileType = file; path = "SF-Pro-Text-Semibold.otf"; sourceTree = "<group>"; };
		78D148DA2A9E0A5E00DDCE48 /* Extension+Font.swift */ = {isa = PBXFileReference; lastKnownFileType = sourcecode.swift; path = "Extension+Font.swift"; sourceTree = "<group>"; };
		78D148DC2A9E0CBA00DDCE48 /* Extension+View.swift */ = {isa = PBXFileReference; lastKnownFileType = sourcecode.swift; path = "Extension+View.swift"; sourceTree = "<group>"; };
		78D148DF2A9E0D1B00DDCE48 /* AppleSDGothic.swift */ = {isa = PBXFileReference; lastKnownFileType = sourcecode.swift; path = AppleSDGothic.swift; sourceTree = "<group>"; };
		78D148E22A9E134700DDCE48 /* Extension+NSObject.swift */ = {isa = PBXFileReference; lastKnownFileType = sourcecode.swift; path = "Extension+NSObject.swift"; sourceTree = "<group>"; };
		78D148E42A9E135F00DDCE48 /* Extension+UIView.swift */ = {isa = PBXFileReference; lastKnownFileType = sourcecode.swift; path = "Extension+UIView.swift"; sourceTree = "<group>"; };
		78D148E62A9E137100DDCE48 /* Extension+UIVisualEffectView.swift */ = {isa = PBXFileReference; lastKnownFileType = sourcecode.swift; path = "Extension+UIVisualEffectView.swift"; sourceTree = "<group>"; };
		78D148E82A9E13A800DDCE48 /* CustomBlurView.swift */ = {isa = PBXFileReference; lastKnownFileType = sourcecode.swift; path = CustomBlurView.swift; sourceTree = "<group>"; };
		78D148EA2A9E13CC00DDCE48 /* ProfileView.swift */ = {isa = PBXFileReference; lastKnownFileType = sourcecode.swift; path = ProfileView.swift; sourceTree = "<group>"; };
		78DA58D42AA445E400F8D2F1 /* ProfileEditView.swift */ = {isa = PBXFileReference; lastKnownFileType = sourcecode.swift; path = ProfileEditView.swift; sourceTree = "<group>"; };
		78DA58D62AA448A100F8D2F1 /* ProfileEditIDView.swift */ = {isa = PBXFileReference; lastKnownFileType = sourcecode.swift; path = ProfileEditIDView.swift; sourceTree = "<group>"; };
		78DDADF72AA1868D00960552 /* Info.plist */ = {isa = PBXFileReference; lastKnownFileType = text.plist.xml; path = Info.plist; sourceTree = "<group>"; };
		78DDADF92AA1A37F00960552 /* AppKeys.swift */ = {isa = PBXFileReference; lastKnownFileType = sourcecode.swift; path = AppKeys.swift; sourceTree = "<group>"; };
		78F41A5C2AA70626004A7BFC /* PhotoModel.swift */ = {isa = PBXFileReference; lastKnownFileType = sourcecode.swift; path = PhotoModel.swift; sourceTree = "<group>"; };
		78F41A5E2AA70639004A7BFC /* PhotoViewModel.swift */ = {isa = PBXFileReference; lastKnownFileType = sourcecode.swift; path = PhotoViewModel.swift; sourceTree = "<group>"; };
		78F41A602AA707D2004A7BFC /* CustomPhotoView.swift */ = {isa = PBXFileReference; lastKnownFileType = sourcecode.swift; path = CustomPhotoView.swift; sourceTree = "<group>"; };
		78F980802A9F32C800AD542A /* TabbarView.swift */ = {isa = PBXFileReference; lastKnownFileType = sourcecode.swift; path = TabbarView.swift; sourceTree = "<group>"; };
		78F980862A9F5AAC00AD542A /* GlassBottomSheet.swift */ = {isa = PBXFileReference; lastKnownFileType = sourcecode.swift; path = GlassBottomSheet.swift; sourceTree = "<group>"; };
		78F980882A9F5B2500AD542A /* RoundedCorners.swift */ = {isa = PBXFileReference; lastKnownFileType = sourcecode.swift; path = RoundedCorners.swift; sourceTree = "<group>"; };
/* End PBXFileReference section */

/* Begin PBXFrameworksBuildPhase section */
		1B3955392A95069C00BCB4DF /* Frameworks */ = {
			isa = PBXFrameworksBuildPhase;
			buildActionMask = 2147483647;
			files = (
				787AF5652AA85D2C00C190E6 /* SwiftyJSON in Frameworks */,
				786669552AA12F7F00448EC7 /* KeychainSwift in Frameworks */,
				7866694E2AA1289900448EC7 /* Alamofire in Frameworks */,
			);
			runOnlyForDeploymentPostprocessing = 0;
		};
/* End PBXFrameworksBuildPhase section */

/* Begin PBXGroup section */
		1B3955332A95069C00BCB4DF = {
			isa = PBXGroup;
			children = (
				1B21C9EC2AA0AB8A0036158F /* .swiftformat */,
				1BB7A0692A9514B4002DD86F /* .swiftlint.yml */,
				1B39553E2A95069C00BCB4DF /* Whistle */,
				1B39553D2A95069C00BCB4DF /* Products */,
			);
			sourceTree = "<group>";
		};
		1B39553D2A95069C00BCB4DF /* Products */ = {
			isa = PBXGroup;
			children = (
				1B39553C2A95069C00BCB4DF /* Whistle.app */,
			);
			name = Products;
			sourceTree = "<group>";
		};
		1B39553E2A95069C00BCB4DF /* Whistle */ = {
			isa = PBXGroup;
			children = (
				78DDADF72AA1868D00960552 /* Info.plist */,
				1B21C9E82AA034500036158F /* Whistle.entitlements */,
				1B3955582A95094200BCB4DF /* Resources */,
				1B3955542A95080600BCB4DF /* UI */,
				1B3955502A9507A700BCB4DF /* ViewModels */,
				1B39554F2A9506C100BCB4DF /* Utilities */,
				1B39554E2A9506BD00BCB4DF /* Models */,
				1B39553F2A95069C00BCB4DF /* WhistleApp.swift */,
				1B3955452A95069D00BCB4DF /* Preview Content */,
			);
			path = Whistle;
			sourceTree = "<group>";
		};
		1B3955452A95069D00BCB4DF /* Preview Content */ = {
			isa = PBXGroup;
			children = (
				1B3955462A95069D00BCB4DF /* Preview Assets.xcassets */,
			);
			path = "Preview Content";
			sourceTree = "<group>";
		};
		1B39554D2A9506B300BCB4DF /* Screens */ = {
			isa = PBXGroup;
			children = (
				788F43EE2AA5CD9300718D38 /* Main */,
				780139882AA1279600D5FBDB /* SignInView */,
				78D148E12A9E132700DDCE48 /* Profile */,
				1B3955412A95069C00BCB4DF /* ContentView.swift */,
				78F980802A9F32C800AD542A /* TabbarView.swift */,
			);
			path = Screens;
			sourceTree = "<group>";
		};
		1B39554E2A9506BD00BCB4DF /* Models */ = {
			isa = PBXGroup;
			children = (
				787AF55E2AA85CA800C190E6 /* Profile */,
				1B39555C2A95098100BCB4DF /* VideoModel.swift */,
				786669482AA1284F00448EC7 /* UserAuth.swift */,
				7866694A2AA1287500448EC7 /* UserResponse.swift */,
				78DDADF92AA1A37F00960552 /* AppKeys.swift */,
				78F41A5C2AA70626004A7BFC /* PhotoModel.swift */,
				78B6FD2D2AA719190043E461 /* AlbumModel.swift */,
			);
			path = Models;
			sourceTree = "<group>";
		};
		1B39554F2A9506C100BCB4DF /* Utilities */ = {
			isa = PBXGroup;
			children = (
				1B3955512A9507CC00BCB4DF /* Extensions */,
			);
			path = Utilities;
			sourceTree = "<group>";
		};
		1B3955502A9507A700BCB4DF /* ViewModels */ = {
			isa = PBXGroup;
			children = (
				1B3955562A95092A00BCB4DF /* VideoViewModel.swift */,
				786669462AA1282D00448EC7 /* AppleSignInViewModel.swift */,
				78F41A5E2AA70639004A7BFC /* PhotoViewModel.swift */,
				787AF5612AA85D0300C190E6 /* UserViewModel.swift */,
			);
			path = ViewModels;
			sourceTree = "<group>";
		};
		1B3955512A9507CC00BCB4DF /* Extensions */ = {
			isa = PBXGroup;
			children = (
				1B3955522A9507E300BCB4DF /* Extension+UIScreen.swift */,
				78D148E22A9E134700DDCE48 /* Extension+NSObject.swift */,
				78D148DA2A9E0A5E00DDCE48 /* Extension+Font.swift */,
				78D148DC2A9E0CBA00DDCE48 /* Extension+View.swift */,
				78D148E42A9E135F00DDCE48 /* Extension+UIView.swift */,
				78D148E62A9E137100DDCE48 /* Extension+UIVisualEffectView.swift */,
				782DD47B2AA32448006183D3 /* Extension+UINavigationController.swift */,
			);
			path = Extensions;
			sourceTree = "<group>";
		};
		1B3955542A95080600BCB4DF /* UI */ = {
			isa = PBXGroup;
			children = (
				78D148DE2A9E0CEE00DDCE48 /* Modifier */,
				1B3955552A95081400BCB4DF /* Components */,
				1B39554D2A9506B300BCB4DF /* Screens */,
			);
			path = UI;
			sourceTree = "<group>";
		};
		1B3955552A95081400BCB4DF /* Components */ = {
			isa = PBXGroup;
			children = (
				1B39555E2A9509A700BCB4DF /* SubmitButton.swift */,
				78D148E82A9E13A800DDCE48 /* CustomBlurView.swift */,
				78F980882A9F5B2500AD542A /* RoundedCorners.swift */,
				782DD4782AA30CB8006183D3 /* Profile */,
			);
			path = Components;
			sourceTree = "<group>";
		};
		1B3955582A95094200BCB4DF /* Resources */ = {
			isa = PBXGroup;
			children = (
				78D148D12A9E0A2600DDCE48 /* Fonts */,
				1B3955432A95069D00BCB4DF /* Assets.xcassets */,
				1B3955592A95094900BCB4DF /* Colors */,
			);
			path = Resources;
			sourceTree = "<group>";
		};
		1B3955592A95094900BCB4DF /* Colors */ = {
			isa = PBXGroup;
			children = (
				1B39555A2A95095500BCB4DF /* ColorManager.swift */,
			);
			path = Colors;
			sourceTree = "<group>";
		};
		780139882AA1279600D5FBDB /* SignInView */ = {
			isa = PBXGroup;
			children = (
				780139892AA127AE00D5FBDB /* SignInView.swift */,
			);
			path = SignInView;
			sourceTree = "<group>";
		};
		782DD4782AA30CB8006183D3 /* Profile */ = {
			isa = PBXGroup;
			children = (
				782F1B242AA1C566006831C8 /* ProfileTabItem.swift */,
				782DD4742AA30C22006183D3 /* FollowButtonStyle.swift */,
				782DD4762AA30C5C006183D3 /* FollowTabbarStyle.swift */,
				782DD4792AA31F3C006183D3 /* ProfileEditButtonStyle.swift */,
				787173B32AA472070018CB14 /* ProfileToastMessage.swift */,
				787173B52AA47A510018CB14 /* ProfileAlert.swift */,
			);
			path = Profile;
			sourceTree = "<group>";
		};
		787AF55E2AA85CA800C190E6 /* Profile */ = {
			isa = PBXGroup;
			children = (
				787AF55F2AA85CBC00C190E6 /* Profile.swift */,
				787AF5662AA87D2E00C190E6 /* UserProfile.swift */,
				787AF56C2AA8846100C190E6 /* Follow.swift */,
				787AF56E2AA884B700C190E6 /* User.swift */,
				787AF5702AA887E600C190E6 /* PostFeed.swift */,
				787AF5722AA888FC00C190E6 /* UserPostFeed.swift */,
				787AF5742AA88F4000C190E6 /* BookMark.swift */,
				787AF5782AA8930700C190E6 /* NotiSetting.swift */,
			);
			path = Profile;
			sourceTree = "<group>";
		};
		788F43EE2AA5CD9300718D38 /* Main */ = {
			isa = PBXGroup;
			children = (
				788F43EF2AA5CD9F00718D38 /* MainView.swift */,
				788F43F42AA5E95E00718D38 /* PlayerView.swift */,
				788F43F62AA6136F00718D38 /* Player.swift */,
				788F43F82AA615AF00718D38 /* PlayerPageView.swift */,
			);
			path = Main;
			sourceTree = "<group>";
		};
		78D148D12A9E0A2600DDCE48 /* Fonts */ = {
			isa = PBXGroup;
			children = (
				78D148D42A9E0A3600DDCE48 /* SF-Pro-Display-Semibold.otf */,
				78D148D32A9E0A3600DDCE48 /* SF-Pro-Text-Regular.otf */,
				78D148D52A9E0A3600DDCE48 /* SF-Pro-Text-Semibold.otf */,
				78D148D22A9E0A3600DDCE48 /* SF-Pro.ttf */,
			);
			path = Fonts;
			sourceTree = "<group>";
		};
		78D148DE2A9E0CEE00DDCE48 /* Modifier */ = {
			isa = PBXGroup;
			children = (
				78D148DF2A9E0D1B00DDCE48 /* AppleSDGothic.swift */,
				7874CB872AA0842D0081DE54 /* FontSystem.swift */,
			);
			path = Modifier;
			sourceTree = "<group>";
		};
		78D148E12A9E132700DDCE48 /* Profile */ = {
			isa = PBXGroup;
			children = (
				78D148EA2A9E13CC00DDCE48 /* ProfileView.swift */,
				78F980862A9F5AAC00AD542A /* GlassBottomSheet.swift */,
				7874CB8F2AA0B5350081DE54 /* ProfileNotiView.swift */,
				7874CB912AA0B53A0081DE54 /* ProfileInfoView.swift */,
				7874CB932AA0B5430081DE54 /* ProfileReportView.swift */,
				782DD4722AA30BDD006183D3 /* FollowView.swift */,
				78DA58D42AA445E400F8D2F1 /* ProfileEditView.swift */,
				78DA58D62AA448A100F8D2F1 /* ProfileEditIDView.swift */,
				786385732AA45ED4004F8EF4 /* ProfileEditIntroduceView.swift */,
				78F41A602AA707D2004A7BFC /* CustomPhotoView.swift */,
				78B6FD2B2AA718A80043E461 /* CustomAlbumListView.swift */,
				787AF56A2AA87EDB00C190E6 /* APITestView.swift */,
			);
			path = Profile;
			sourceTree = "<group>";
		};
/* End PBXGroup section */

/* Begin PBXNativeTarget section */
		1B39553B2A95069C00BCB4DF /* Whistle */ = {
			isa = PBXNativeTarget;
			buildConfigurationList = 1B39554A2A95069D00BCB4DF /* Build configuration list for PBXNativeTarget "Whistle" */;
			buildPhases = (
				1BB7A0682A95148B002DD86F /* SwiftLint Script */,
				1B21C9E92AA0AAF10036158F /* SwiftFormat Script */,
				1B3955382A95069C00BCB4DF /* Sources */,
				1B3955392A95069C00BCB4DF /* Frameworks */,
				1B39553A2A95069C00BCB4DF /* Resources */,
			);
			buildRules = (
			);
			dependencies = (
			);
			name = Whistle;
			packageProductDependencies = (
				7866694D2AA1289900448EC7 /* Alamofire */,
				786669542AA12F7F00448EC7 /* KeychainSwift */,
				787AF5642AA85D2C00C190E6 /* SwiftyJSON */,
			);
			productName = Whistle;
			productReference = 1B39553C2A95069C00BCB4DF /* Whistle.app */;
			productType = "com.apple.product-type.application";
		};
/* End PBXNativeTarget section */

/* Begin PBXProject section */
		1B3955342A95069C00BCB4DF /* Project object */ = {
			isa = PBXProject;
			attributes = {
				BuildIndependentTargetsInParallel = 1;
				LastSwiftUpdateCheck = 1430;
				LastUpgradeCheck = 1430;
				TargetAttributes = {
					1B39553B2A95069C00BCB4DF = {
						CreatedOnToolsVersion = 14.3.1;
					};
				};
			};
			buildConfigurationList = 1B3955372A95069C00BCB4DF /* Build configuration list for PBXProject "Whistle" */;
			compatibilityVersion = "Xcode 14.0";
			developmentRegion = en;
			hasScannedForEncodings = 0;
			knownRegions = (
				en,
				Base,
			);
			mainGroup = 1B3955332A95069C00BCB4DF;
			packageReferences = (
				7866694C2AA1289900448EC7 /* XCRemoteSwiftPackageReference "Alamofire" */,
				786669532AA12F7F00448EC7 /* XCRemoteSwiftPackageReference "keychain-swift" */,
				787AF5632AA85D2C00C190E6 /* XCRemoteSwiftPackageReference "SwiftyJSON" */,
			);
			productRefGroup = 1B39553D2A95069C00BCB4DF /* Products */;
			projectDirPath = "";
			projectRoot = "";
			targets = (
				1B39553B2A95069C00BCB4DF /* Whistle */,
			);
		};
/* End PBXProject section */

/* Begin PBXResourcesBuildPhase section */
		1B39553A2A95069C00BCB4DF /* Resources */ = {
			isa = PBXResourcesBuildPhase;
			buildActionMask = 2147483647;
			files = (
				1B21C9ED2AA0AB8A0036158F /* .swiftformat in Resources */,
				78D148D82A9E0A3600DDCE48 /* SF-Pro-Display-Semibold.otf in Resources */,
				1BB7A06A2A9514B4002DD86F /* .swiftlint.yml in Resources */,
				78D148D72A9E0A3600DDCE48 /* SF-Pro-Text-Regular.otf in Resources */,
				78D148D62A9E0A3600DDCE48 /* SF-Pro.ttf in Resources */,
				1B3955472A95069D00BCB4DF /* Preview Assets.xcassets in Resources */,
				1B3955442A95069D00BCB4DF /* Assets.xcassets in Resources */,
				78D148D92A9E0A3600DDCE48 /* SF-Pro-Text-Semibold.otf in Resources */,
			);
			runOnlyForDeploymentPostprocessing = 0;
		};
/* End PBXResourcesBuildPhase section */

/* Begin PBXShellScriptBuildPhase section */
		1B21C9E92AA0AAF10036158F /* SwiftFormat Script */ = {
			isa = PBXShellScriptBuildPhase;
			alwaysOutOfDate = 1;
			buildActionMask = 2147483647;
			files = (
			);
			inputFileListPaths = (
			);
			inputPaths = (
			);
			name = "SwiftFormat Script";
			outputFileListPaths = (
			);
			outputPaths = (
			);
			runOnlyForDeploymentPostprocessing = 0;
			shellPath = /bin/sh;
			shellScript = "export PATH=\"$PATH:/opt/homebrew/bin\"\n\nif which swiftformat > /dev/null; then\n  swiftformat .\nelse\n  echo \"warning: SwiftFormat not installed, download from https://github.com/nicklockwood/SwiftFormat\"\nfi\n";
		};
		1BB7A0682A95148B002DD86F /* SwiftLint Script */ = {
			isa = PBXShellScriptBuildPhase;
			alwaysOutOfDate = 1;
			buildActionMask = 2147483647;
			files = (
			);
			inputFileListPaths = (
			);
			inputPaths = (
			);
			name = "SwiftLint Script";
			outputFileListPaths = (
			);
			outputPaths = (
			);
			runOnlyForDeploymentPostprocessing = 0;
			shellPath = /bin/sh;
			shellScript = "export PATH=\"$PATH:/opt/homebrew/bin\"\nif which swiftlint > /dev/null; then\n  swiftlint\nelse\n  echo \"warning: SwiftLint not installed, download from https://github.com/realm/SwiftLint\"\nfi\n";
		};
/* End PBXShellScriptBuildPhase section */

/* Begin PBXSourcesBuildPhase section */
		1B3955382A95069C00BCB4DF /* Sources */ = {
			isa = PBXSourcesBuildPhase;
			buildActionMask = 2147483647;
			files = (
				78DA58D52AA445E400F8D2F1 /* ProfileEditView.swift in Sources */,
				787AF5712AA887E600C190E6 /* PostFeed.swift in Sources */,
				787AF5602AA85CBC00C190E6 /* Profile.swift in Sources */,
				78B6FD2C2AA718A80043E461 /* CustomAlbumListView.swift in Sources */,
				78F41A5F2AA70639004A7BFC /* PhotoViewModel.swift in Sources */,
				788F43F02AA5CD9F00718D38 /* MainView.swift in Sources */,
				787AF56B2AA87EDB00C190E6 /* APITestView.swift in Sources */,
				782DD4752AA30C22006183D3 /* FollowButtonStyle.swift in Sources */,
				788F43F52AA5E95E00718D38 /* PlayerView.swift in Sources */,
				1B3955422A95069C00BCB4DF /* ContentView.swift in Sources */,
				782DD47C2AA32448006183D3 /* Extension+UINavigationController.swift in Sources */,
				787173B42AA472070018CB14 /* ProfileToastMessage.swift in Sources */,
				7866694B2AA1287500448EC7 /* UserResponse.swift in Sources */,
				782DD4732AA30BDD006183D3 /* FollowView.swift in Sources */,
				78D148DD2A9E0CBA00DDCE48 /* Extension+View.swift in Sources */,
				786669472AA1282D00448EC7 /* AppleSignInViewModel.swift in Sources */,
				78D148E52A9E135F00DDCE48 /* Extension+UIView.swift in Sources */,
				78B6FD2E2AA719190043E461 /* AlbumModel.swift in Sources */,
				7874CB882AA0842D0081DE54 /* FontSystem.swift in Sources */,
				7874CB942AA0B5430081DE54 /* ProfileReportView.swift in Sources */,
				786669492AA1284F00448EC7 /* UserAuth.swift in Sources */,
				1B39555D2A95098100BCB4DF /* VideoModel.swift in Sources */,
				1B39555B2A95095500BCB4DF /* ColorManager.swift in Sources */,
				1B3955532A9507E300BCB4DF /* Extension+UIScreen.swift in Sources */,
				787AF5672AA87D2E00C190E6 /* UserProfile.swift in Sources */,
				78D148E72A9E137100DDCE48 /* Extension+UIVisualEffectView.swift in Sources */,
				786385742AA45ED4004F8EF4 /* ProfileEditIntroduceView.swift in Sources */,
				78F41A5D2AA70626004A7BFC /* PhotoModel.swift in Sources */,
				78F980872A9F5AAC00AD542A /* GlassBottomSheet.swift in Sources */,
				7801398A2AA127AE00D5FBDB /* SignInView.swift in Sources */,
				78D148EB2A9E13CC00DDCE48 /* ProfileView.swift in Sources */,
				787AF56F2AA884B700C190E6 /* User.swift in Sources */,
				787AF5732AA888FC00C190E6 /* UserPostFeed.swift in Sources */,
				78D148E32A9E134700DDCE48 /* Extension+NSObject.swift in Sources */,
				1B39555F2A9509A700BCB4DF /* SubmitButton.swift in Sources */,
				7874CB922AA0B53A0081DE54 /* ProfileInfoView.swift in Sources */,
				1B3955572A95092A00BCB4DF /* VideoViewModel.swift in Sources */,
				788F43F72AA6136F00718D38 /* Player.swift in Sources */,
				78DA58D72AA448A100F8D2F1 /* ProfileEditIDView.swift in Sources */,
				787AF5752AA88F4000C190E6 /* BookMark.swift in Sources */,
				78F980812A9F32C800AD542A /* TabbarView.swift in Sources */,
				7874CB902AA0B5350081DE54 /* ProfileNotiView.swift in Sources */,
				78D148E92A9E13A800DDCE48 /* CustomBlurView.swift in Sources */,
				78D148DB2A9E0A5E00DDCE48 /* Extension+Font.swift in Sources */,
				78F980892A9F5B2500AD542A /* RoundedCorners.swift in Sources */,
				78DDADFA2AA1A37F00960552 /* AppKeys.swift in Sources */,
				78F41A612AA707D2004A7BFC /* CustomPhotoView.swift in Sources */,
				787AF5622AA85D0300C190E6 /* UserViewModel.swift in Sources */,
				782DD47A2AA31F3C006183D3 /* ProfileEditButtonStyle.swift in Sources */,
				1B3955402A95069C00BCB4DF /* WhistleApp.swift in Sources */,
				782F1B252AA1C566006831C8 /* ProfileTabItem.swift in Sources */,
				788F43F92AA615AF00718D38 /* PlayerPageView.swift in Sources */,
				78D148E02A9E0D1B00DDCE48 /* AppleSDGothic.swift in Sources */,
				787173B62AA47A510018CB14 /* ProfileAlert.swift in Sources */,
				787AF5792AA8930700C190E6 /* NotiSetting.swift in Sources */,
				787AF56D2AA8846100C190E6 /* Follow.swift in Sources */,
				782DD4772AA30C5C006183D3 /* FollowTabbarStyle.swift in Sources */,
			);
			runOnlyForDeploymentPostprocessing = 0;
		};
/* End PBXSourcesBuildPhase section */

/* Begin XCBuildConfiguration section */
		1B3955482A95069D00BCB4DF /* Debug */ = {
			isa = XCBuildConfiguration;
			buildSettings = {
				ALWAYS_SEARCH_USER_PATHS = NO;
				CLANG_ANALYZER_NONNULL = YES;
				CLANG_ANALYZER_NUMBER_OBJECT_CONVERSION = YES_AGGRESSIVE;
				CLANG_CXX_LANGUAGE_STANDARD = "gnu++20";
				CLANG_ENABLE_MODULES = YES;
				CLANG_ENABLE_OBJC_ARC = YES;
				CLANG_ENABLE_OBJC_WEAK = YES;
				CLANG_WARN_BLOCK_CAPTURE_AUTORELEASING = YES;
				CLANG_WARN_BOOL_CONVERSION = YES;
				CLANG_WARN_COMMA = YES;
				CLANG_WARN_CONSTANT_CONVERSION = YES;
				CLANG_WARN_DEPRECATED_OBJC_IMPLEMENTATIONS = YES;
				CLANG_WARN_DIRECT_OBJC_ISA_USAGE = YES_ERROR;
				CLANG_WARN_DOCUMENTATION_COMMENTS = YES;
				CLANG_WARN_EMPTY_BODY = YES;
				CLANG_WARN_ENUM_CONVERSION = YES;
				CLANG_WARN_INFINITE_RECURSION = YES;
				CLANG_WARN_INT_CONVERSION = YES;
				CLANG_WARN_NON_LITERAL_NULL_CONVERSION = YES;
				CLANG_WARN_OBJC_IMPLICIT_RETAIN_SELF = YES;
				CLANG_WARN_OBJC_LITERAL_CONVERSION = YES;
				CLANG_WARN_OBJC_ROOT_CLASS = YES_ERROR;
				CLANG_WARN_QUOTED_INCLUDE_IN_FRAMEWORK_HEADER = YES;
				CLANG_WARN_RANGE_LOOP_ANALYSIS = YES;
				CLANG_WARN_STRICT_PROTOTYPES = YES;
				CLANG_WARN_SUSPICIOUS_MOVE = YES;
				CLANG_WARN_UNGUARDED_AVAILABILITY = YES_AGGRESSIVE;
				CLANG_WARN_UNREACHABLE_CODE = YES;
				CLANG_WARN__DUPLICATE_METHOD_MATCH = YES;
				COPY_PHASE_STRIP = NO;
				DEBUG_INFORMATION_FORMAT = dwarf;
				ENABLE_STRICT_OBJC_MSGSEND = YES;
				ENABLE_TESTABILITY = YES;
				GCC_C_LANGUAGE_STANDARD = gnu11;
				GCC_DYNAMIC_NO_PIC = NO;
				GCC_NO_COMMON_BLOCKS = YES;
				GCC_OPTIMIZATION_LEVEL = 0;
				GCC_PREPROCESSOR_DEFINITIONS = (
					"DEBUG=1",
					"$(inherited)",
				);
				GCC_WARN_64_TO_32_BIT_CONVERSION = YES;
				GCC_WARN_ABOUT_RETURN_TYPE = YES_ERROR;
				GCC_WARN_UNDECLARED_SELECTOR = YES;
				GCC_WARN_UNINITIALIZED_AUTOS = YES_AGGRESSIVE;
				GCC_WARN_UNUSED_FUNCTION = YES;
				GCC_WARN_UNUSED_VARIABLE = YES;
				IPHONEOS_DEPLOYMENT_TARGET = 16.4;
				MTL_ENABLE_DEBUG_INFO = INCLUDE_SOURCE;
				MTL_FAST_MATH = YES;
				ONLY_ACTIVE_ARCH = YES;
				SDKROOT = iphoneos;
				SWIFT_ACTIVE_COMPILATION_CONDITIONS = DEBUG;
				SWIFT_OPTIMIZATION_LEVEL = "-Onone";
			};
			name = Debug;
		};
		1B3955492A95069D00BCB4DF /* Release */ = {
			isa = XCBuildConfiguration;
			buildSettings = {
				ALWAYS_SEARCH_USER_PATHS = NO;
				CLANG_ANALYZER_NONNULL = YES;
				CLANG_ANALYZER_NUMBER_OBJECT_CONVERSION = YES_AGGRESSIVE;
				CLANG_CXX_LANGUAGE_STANDARD = "gnu++20";
				CLANG_ENABLE_MODULES = YES;
				CLANG_ENABLE_OBJC_ARC = YES;
				CLANG_ENABLE_OBJC_WEAK = YES;
				CLANG_WARN_BLOCK_CAPTURE_AUTORELEASING = YES;
				CLANG_WARN_BOOL_CONVERSION = YES;
				CLANG_WARN_COMMA = YES;
				CLANG_WARN_CONSTANT_CONVERSION = YES;
				CLANG_WARN_DEPRECATED_OBJC_IMPLEMENTATIONS = YES;
				CLANG_WARN_DIRECT_OBJC_ISA_USAGE = YES_ERROR;
				CLANG_WARN_DOCUMENTATION_COMMENTS = YES;
				CLANG_WARN_EMPTY_BODY = YES;
				CLANG_WARN_ENUM_CONVERSION = YES;
				CLANG_WARN_INFINITE_RECURSION = YES;
				CLANG_WARN_INT_CONVERSION = YES;
				CLANG_WARN_NON_LITERAL_NULL_CONVERSION = YES;
				CLANG_WARN_OBJC_IMPLICIT_RETAIN_SELF = YES;
				CLANG_WARN_OBJC_LITERAL_CONVERSION = YES;
				CLANG_WARN_OBJC_ROOT_CLASS = YES_ERROR;
				CLANG_WARN_QUOTED_INCLUDE_IN_FRAMEWORK_HEADER = YES;
				CLANG_WARN_RANGE_LOOP_ANALYSIS = YES;
				CLANG_WARN_STRICT_PROTOTYPES = YES;
				CLANG_WARN_SUSPICIOUS_MOVE = YES;
				CLANG_WARN_UNGUARDED_AVAILABILITY = YES_AGGRESSIVE;
				CLANG_WARN_UNREACHABLE_CODE = YES;
				CLANG_WARN__DUPLICATE_METHOD_MATCH = YES;
				COPY_PHASE_STRIP = NO;
				DEBUG_INFORMATION_FORMAT = "dwarf-with-dsym";
				ENABLE_NS_ASSERTIONS = NO;
				ENABLE_STRICT_OBJC_MSGSEND = YES;
				GCC_C_LANGUAGE_STANDARD = gnu11;
				GCC_NO_COMMON_BLOCKS = YES;
				GCC_WARN_64_TO_32_BIT_CONVERSION = YES;
				GCC_WARN_ABOUT_RETURN_TYPE = YES_ERROR;
				GCC_WARN_UNDECLARED_SELECTOR = YES;
				GCC_WARN_UNINITIALIZED_AUTOS = YES_AGGRESSIVE;
				GCC_WARN_UNUSED_FUNCTION = YES;
				GCC_WARN_UNUSED_VARIABLE = YES;
				IPHONEOS_DEPLOYMENT_TARGET = 16.4;
				MTL_ENABLE_DEBUG_INFO = NO;
				MTL_FAST_MATH = YES;
				SDKROOT = iphoneos;
				SWIFT_COMPILATION_MODE = wholemodule;
				SWIFT_OPTIMIZATION_LEVEL = "-O";
				VALIDATE_PRODUCT = YES;
			};
			name = Release;
		};
		1B39554B2A95069D00BCB4DF /* Debug */ = {
			isa = XCBuildConfiguration;
			buildSettings = {
				ASSETCATALOG_COMPILER_APPICON_NAME = AppIcon;
				ASSETCATALOG_COMPILER_GLOBAL_ACCENT_COLOR_NAME = AccentColor;
				CODE_SIGN_ENTITLEMENTS = Whistle/Whistle.entitlements;
				"CODE_SIGN_IDENTITY[sdk=iphoneos*]" = "iPhone Developer";
				CODE_SIGN_STYLE = Manual;
				CURRENT_PROJECT_VERSION = 1;
				DEVELOPMENT_ASSET_PATHS = "\"Whistle/Preview Content\"";
				DEVELOPMENT_TEAM = "";
				"DEVELOPMENT_TEAM[sdk=iphoneos*]" = 45V6H9W5KT;
				ENABLE_PREVIEWS = YES;
				GENERATE_INFOPLIST_FILE = YES;
				INFOPLIST_FILE = Whistle/Info.plist;
				INFOPLIST_KEY_LSApplicationCategoryType = "";
				INFOPLIST_KEY_NSCameraUsageDescription = "";
				INFOPLIST_KEY_NSPhotoLibraryAddUsageDescription = "";
				INFOPLIST_KEY_NSPhotoLibraryUsageDescription = "";
				INFOPLIST_KEY_UIApplicationSceneManifest_Generation = YES;
				INFOPLIST_KEY_UIApplicationSupportsIndirectInputEvents = YES;
				INFOPLIST_KEY_UILaunchScreen_Generation = YES;
				INFOPLIST_KEY_UISupportedInterfaceOrientations_iPad = "UIInterfaceOrientationPortrait UIInterfaceOrientationPortraitUpsideDown UIInterfaceOrientationLandscapeLeft UIInterfaceOrientationLandscapeRight";
				INFOPLIST_KEY_UISupportedInterfaceOrientations_iPhone = "UIInterfaceOrientationPortrait UIInterfaceOrientationLandscapeLeft UIInterfaceOrientationLandscapeRight";
				IPHONEOS_DEPLOYMENT_TARGET = 16.0;
				LD_RUNPATH_SEARCH_PATHS = (
					"$(inherited)",
					"@executable_path/Frameworks",
				);
				MARKETING_VERSION = 1.0;
				PRODUCT_BUNDLE_IDENTIFIER = com.newcompany.Whistle;
				PRODUCT_NAME = "$(TARGET_NAME)";
				PROVISIONING_PROFILE_SPECIFIER = "";
				"PROVISIONING_PROFILE_SPECIFIER[sdk=iphoneos*]" = dev_Whistle;
				SWIFT_EMIT_LOC_STRINGS = YES;
				SWIFT_VERSION = 5.0;
				TARGETED_DEVICE_FAMILY = "1,2";
			};
			name = Debug;
		};
		1B39554C2A95069D00BCB4DF /* Release */ = {
			isa = XCBuildConfiguration;
			buildSettings = {
				ASSETCATALOG_COMPILER_APPICON_NAME = AppIcon;
				ASSETCATALOG_COMPILER_GLOBAL_ACCENT_COLOR_NAME = AccentColor;
				CODE_SIGN_ENTITLEMENTS = Whistle/Whistle.entitlements;
				"CODE_SIGN_IDENTITY[sdk=iphoneos*]" = "iPhone Developer";
				CODE_SIGN_STYLE = Manual;
				CURRENT_PROJECT_VERSION = 1;
				DEVELOPMENT_ASSET_PATHS = "\"Whistle/Preview Content\"";
				DEVELOPMENT_TEAM = "";
				"DEVELOPMENT_TEAM[sdk=iphoneos*]" = 45V6H9W5KT;
				ENABLE_PREVIEWS = YES;
				GENERATE_INFOPLIST_FILE = YES;
				INFOPLIST_FILE = Whistle/Info.plist;
				INFOPLIST_KEY_LSApplicationCategoryType = "";
				INFOPLIST_KEY_NSCameraUsageDescription = "";
				INFOPLIST_KEY_NSPhotoLibraryAddUsageDescription = "";
				INFOPLIST_KEY_NSPhotoLibraryUsageDescription = "";
				INFOPLIST_KEY_UIApplicationSceneManifest_Generation = YES;
				INFOPLIST_KEY_UIApplicationSupportsIndirectInputEvents = YES;
				INFOPLIST_KEY_UILaunchScreen_Generation = YES;
				INFOPLIST_KEY_UISupportedInterfaceOrientations_iPad = "UIInterfaceOrientationPortrait UIInterfaceOrientationPortraitUpsideDown UIInterfaceOrientationLandscapeLeft UIInterfaceOrientationLandscapeRight";
				INFOPLIST_KEY_UISupportedInterfaceOrientations_iPhone = "UIInterfaceOrientationPortrait UIInterfaceOrientationLandscapeLeft UIInterfaceOrientationLandscapeRight";
				IPHONEOS_DEPLOYMENT_TARGET = 16.0;
				LD_RUNPATH_SEARCH_PATHS = (
					"$(inherited)",
					"@executable_path/Frameworks",
				);
				MARKETING_VERSION = 1.0;
				PRODUCT_BUNDLE_IDENTIFIER = com.newcompany.Whistle;
				PRODUCT_NAME = "$(TARGET_NAME)";
				PROVISIONING_PROFILE_SPECIFIER = "";
				"PROVISIONING_PROFILE_SPECIFIER[sdk=iphoneos*]" = dev_Whistle;
				SWIFT_EMIT_LOC_STRINGS = YES;
				SWIFT_VERSION = 5.0;
				TARGETED_DEVICE_FAMILY = "1,2";
			};
			name = Release;
		};
/* End XCBuildConfiguration section */

/* Begin XCConfigurationList section */
		1B3955372A95069C00BCB4DF /* Build configuration list for PBXProject "Whistle" */ = {
			isa = XCConfigurationList;
			buildConfigurations = (
				1B3955482A95069D00BCB4DF /* Debug */,
				1B3955492A95069D00BCB4DF /* Release */,
			);
			defaultConfigurationIsVisible = 0;
			defaultConfigurationName = Release;
		};
		1B39554A2A95069D00BCB4DF /* Build configuration list for PBXNativeTarget "Whistle" */ = {
			isa = XCConfigurationList;
			buildConfigurations = (
				1B39554B2A95069D00BCB4DF /* Debug */,
				1B39554C2A95069D00BCB4DF /* Release */,
			);
			defaultConfigurationIsVisible = 0;
			defaultConfigurationName = Release;
		};
/* End XCConfigurationList section */

/* Begin XCRemoteSwiftPackageReference section */
		7866694C2AA1289900448EC7 /* XCRemoteSwiftPackageReference "Alamofire" */ = {
			isa = XCRemoteSwiftPackageReference;
			repositoryURL = "https://github.com/Alamofire/Alamofire.git";
			requirement = {
				kind = upToNextMajorVersion;
				minimumVersion = 5.7.1;
			};
		};
		786669532AA12F7F00448EC7 /* XCRemoteSwiftPackageReference "keychain-swift" */ = {
			isa = XCRemoteSwiftPackageReference;
			repositoryURL = "https://github.com/evgenyneu/keychain-swift.git";
			requirement = {
				kind = upToNextMajorVersion;
				minimumVersion = 20.0.0;
			};
		};
		787AF5632AA85D2C00C190E6 /* XCRemoteSwiftPackageReference "SwiftyJSON" */ = {
			isa = XCRemoteSwiftPackageReference;
			repositoryURL = "https://github.com/SwiftyJSON/SwiftyJSON.git";
			requirement = {
				kind = upToNextMajorVersion;
				minimumVersion = 5.0.1;
			};
		};
/* End XCRemoteSwiftPackageReference section */

/* Begin XCSwiftPackageProductDependency section */
		7866694D2AA1289900448EC7 /* Alamofire */ = {
			isa = XCSwiftPackageProductDependency;
			package = 7866694C2AA1289900448EC7 /* XCRemoteSwiftPackageReference "Alamofire" */;
			productName = Alamofire;
		};
		786669542AA12F7F00448EC7 /* KeychainSwift */ = {
			isa = XCSwiftPackageProductDependency;
			package = 786669532AA12F7F00448EC7 /* XCRemoteSwiftPackageReference "keychain-swift" */;
			productName = KeychainSwift;
		};
		787AF5642AA85D2C00C190E6 /* SwiftyJSON */ = {
			isa = XCSwiftPackageProductDependency;
			package = 787AF5632AA85D2C00C190E6 /* XCRemoteSwiftPackageReference "SwiftyJSON" */;
			productName = SwiftyJSON;
		};
/* End XCSwiftPackageProductDependency section */
	};
	rootObject = 1B3955342A95069C00BCB4DF /* Project object */;
}
